
Microsoft Visual Studio Solution File, Format Version 12.00
Project("{FAE04EC0-301F-11D3-BF4B-00C04F79EFBC}") = "ConsoleApplication", "ConsoleApplication\ConsoleApplication.csproj", "{5FB44FF8-A7FC-4AD3-BD9E-53C8498D7AD7}"
EndProject
Project("{FAE04EC0-301F-11D3-BF4B-00C04F79EFBC}") = "Library", "Library\Library.csproj", "{A70276CF-5146-4DDC-903F-0A8D18915517}"
EndProject
Global
	GlobalSection(SolutionConfigurationPlatforms) = preSolution
		Debug|Any CPU = Debug|Any CPU
		Release|Any CPU = Release|Any CPU
	EndGlobalSection
	GlobalSection(ProjectConfigurationPlatforms) = postSolution
		{5FB44FF8-A7FC-4AD3-BD9E-53C8498D7AD7}.Debug|Any CPU.ActiveCfg = Debug|Any CPU
		{5FB44FF8-A7FC-4AD3-BD9E-53C8498D7AD7}.Debug|Any CPU.Build.0 = Debug|Any CPU
		{5FB44FF8-A7FC-4AD3-BD9E-53C8498D7AD7}.Release|Any CPU.ActiveCfg = Release|Any CPU
		{5FB44FF8-A7FC-4AD3-BD9E-53C8498D7AD7}.Release|Any CPU.Build.0 = Release|Any CPU
		{A70276CF-5146-4DDC-903F-0A8D18915517}.Debug|Any CPU.ActiveCfg = Debug|Any CPU
		{A70276CF-5146-4DDC-903F-0A8D18915517}.Debug|Any CPU.Build.0 = Debug|Any CPU
		{A70276CF-5146-4DDC-903F-0A8D18915517}.Release|Any CPU.ActiveCfg = Release|Any CPU
		{A70276CF-5146-4DDC-903F-0A8D18915517}.Release|Any CPU.Build.0 = Release|Any CPU
	EndGlobalSection
EndGlobal
